// !$*UTF8*$!
{
	archiveVersion = 1;
	classes = {
	};
	objectVersion = 77;
	objects = {

/* Begin PBXBuildFile section */
		C17A27E92DCE535E009C9835 /* Networking in Frameworks */ = {isa = PBXBuildFile; productRef = C17A27E82DCE535E009C9835 /* Networking */; };
/* End PBXBuildFile section */

/* Begin PBXContainerItemProxy section */
		C17A27C52DCE4EB6009C9835 /* PBXContainerItemProxy */ = {
			isa = PBXContainerItemProxy;
			containerPortal = C17A27AC2DCE4EB3009C9835 /* Project object */;
			proxyType = 1;
			remoteGlobalIDString = C17A27B32DCE4EB3009C9835;
			remoteInfo = RickAndMortyCatalog;
		};
/* End PBXContainerItemProxy section */

/* Begin PBXFileReference section */
		C13DC8702DCF3E6E00A8124B /* RickAndMortyCatalog.xctestplan */ = {isa = PBXFileReference; lastKnownFileType = text; name = RickAndMortyCatalog.xctestplan; path = RickAndMortyCatalogTests/RickAndMortyCatalog.xctestplan; sourceTree = "<group>"; };
		C17A27B42DCE4EB3009C9835 /* RickAndMortyCatalog.app */ = {isa = PBXFileReference; explicitFileType = wrapper.application; includeInIndex = 0; path = RickAndMortyCatalog.app; sourceTree = BUILT_PRODUCTS_DIR; };
		C17A27C42DCE4EB6009C9835 /* RickAndMortyCatalogTests.xctest */ = {isa = PBXFileReference; explicitFileType = wrapper.cfbundle; includeInIndex = 0; path = RickAndMortyCatalogTests.xctest; sourceTree = BUILT_PRODUCTS_DIR; };
		C17A27E12DCE502C009C9835 /* Networking */ = {isa = PBXFileReference; lastKnownFileType = wrapper; path = Networking; sourceTree = "<group>"; };
/* End PBXFileReference section */

/* Begin PBXFileSystemSynchronizedRootGroup section */
		C17A27B62DCE4EB3009C9835 /* RickAndMortyCatalog */ = {
			isa = PBXFileSystemSynchronizedRootGroup;
			path = RickAndMortyCatalog;
			sourceTree = "<group>";
		};
		C17A27C72DCE4EB6009C9835 /* RickAndMortyCatalogTests */ = {
			isa = PBXFileSystemSynchronizedRootGroup;
			path = RickAndMortyCatalogTests;
			sourceTree = "<group>";
		};
/* End PBXFileSystemSynchronizedRootGroup section */

/* Begin PBXFrameworksBuildPhase section */
		C17A27B12DCE4EB3009C9835 /* Frameworks */ = {
			isa = PBXFrameworksBuildPhase;
			buildActionMask = 2147483647;
			files = (
				C17A27E92DCE535E009C9835 /* Networking in Frameworks */,
			);
			runOnlyForDeploymentPostprocessing = 0;
		};
		C17A27C12DCE4EB6009C9835 /* Frameworks */ = {
			isa = PBXFrameworksBuildPhase;
			buildActionMask = 2147483647;
			files = (
			);
			runOnlyForDeploymentPostprocessing = 0;
		};
/* End PBXFrameworksBuildPhase section */

/* Begin PBXGroup section */
		C17A27AB2DCE4EB3009C9835 = {
			isa = PBXGroup;
			children = (
				C13DC8702DCF3E6E00A8124B /* RickAndMortyCatalog.xctestplan */,
				C17A27E12DCE502C009C9835 /* Networking */,
				C17A27B62DCE4EB3009C9835 /* RickAndMortyCatalog */,
				C17A27C72DCE4EB6009C9835 /* RickAndMortyCatalogTests */,
				C17A27E72DCE535E009C9835 /* Frameworks */,
				C17A27B52DCE4EB3009C9835 /* Products */,
			);
			sourceTree = "<group>";
		};
		C17A27B52DCE4EB3009C9835 /* Products */ = {
			isa = PBXGroup;
			children = (
				C17A27B42DCE4EB3009C9835 /* RickAndMortyCatalog.app */,
				C17A27C42DCE4EB6009C9835 /* RickAndMortyCatalogTests.xctest */,
			);
			name = Products;
			sourceTree = "<group>";
		};
		C17A27E72DCE535E009C9835 /* Frameworks */ = {
			isa = PBXGroup;
			children = (
			);
			name = Frameworks;
			sourceTree = "<group>";
		};
/* End PBXGroup section */

/* Begin PBXNativeTarget section */
		C17A27B32DCE4EB3009C9835 /* RickAndMortyCatalog */ = {
			isa = PBXNativeTarget;
			buildConfigurationList = C17A27D82DCE4EB6009C9835 /* Build configuration list for PBXNativeTarget "RickAndMortyCatalog" */;
			buildPhases = (
				C17A27B02DCE4EB3009C9835 /* Sources */,
				C17A27B12DCE4EB3009C9835 /* Frameworks */,
				C17A27B22DCE4EB3009C9835 /* Resources */,
			);
			buildRules = (
			);
			dependencies = (
				C17A27E42DCE5207009C9835 /* PBXTargetDependency */,
			);
			fileSystemSynchronizedGroups = (
				C17A27B62DCE4EB3009C9835 /* RickAndMortyCatalog */,
			);
			name = RickAndMortyCatalog;
			packageProductDependencies = (
				C17A27E82DCE535E009C9835 /* Networking */,
			);
			productName = RickAndMortyCatalog;
			productReference = C17A27B42DCE4EB3009C9835 /* RickAndMortyCatalog.app */;
			productType = "com.apple.product-type.application";
		};
		C17A27C32DCE4EB6009C9835 /* RickAndMortyCatalogTests */ = {
			isa = PBXNativeTarget;
			buildConfigurationList = C17A27DB2DCE4EB6009C9835 /* Build configuration list for PBXNativeTarget "RickAndMortyCatalogTests" */;
			buildPhases = (
				C17A27C02DCE4EB6009C9835 /* Sources */,
				C17A27C12DCE4EB6009C9835 /* Frameworks */,
				C17A27C22DCE4EB6009C9835 /* Resources */,
			);
			buildRules = (
			);
			dependencies = (
				C17A27E62DCE520F009C9835 /* PBXTargetDependency */,
				C17A27C62DCE4EB6009C9835 /* PBXTargetDependency */,
			);
			fileSystemSynchronizedGroups = (
				C17A27C72DCE4EB6009C9835 /* RickAndMortyCatalogTests */,
			);
			name = RickAndMortyCatalogTests;
			packageProductDependencies = (
			);
			productName = RickAndMortyCatalogTests;
			productReference = C17A27C42DCE4EB6009C9835 /* RickAndMortyCatalogTests.xctest */;
			productType = "com.apple.product-type.bundle.unit-test";
		};
/* End PBXNativeTarget section */

/* Begin PBXProject section */
		C17A27AC2DCE4EB3009C9835 /* Project object */ = {
			isa = PBXProject;
			attributes = {
				BuildIndependentTargetsInParallel = 1;
				LastSwiftUpdateCheck = 1620;
				LastUpgradeCheck = 1620;
				TargetAttributes = {
					C17A27B32DCE4EB3009C9835 = {
						CreatedOnToolsVersion = 16.2;
					};
					C17A27C32DCE4EB6009C9835 = {
						CreatedOnToolsVersion = 16.2;
						TestTargetID = C17A27B32DCE4EB3009C9835;
					};
				};
			};
			buildConfigurationList = C17A27AF2DCE4EB3009C9835 /* Build configuration list for PBXProject "RickAndMortyCatalog" */;
			developmentRegion = en;
			hasScannedForEncodings = 0;
			knownRegions = (
				en,
				Base,
			);
			mainGroup = C17A27AB2DCE4EB3009C9835;
			minimizedProjectReferenceProxies = 1;
			packageReferences = (
				C17A27E22DCE51F5009C9835 /* XCRemoteSwiftPackageReference "SwiftLint" */,
				C17A28012DCE5CCC009C9835 /* XCLocalSwiftPackageReference "Networking" */,
			);
			preferredProjectObjectVersion = 77;
			productRefGroup = C17A27B52DCE4EB3009C9835 /* Products */;
			projectDirPath = "";
			projectRoot = "";
			targets = (
				C17A27B32DCE4EB3009C9835 /* RickAndMortyCatalog */,
				C17A27C32DCE4EB6009C9835 /* RickAndMortyCatalogTests */,
			);
		};
/* End PBXProject section */

/* Begin PBXResourcesBuildPhase section */
		C17A27B22DCE4EB3009C9835 /* Resources */ = {
			isa = PBXResourcesBuildPhase;
			buildActionMask = 2147483647;
			files = (
			);
			runOnlyForDeploymentPostprocessing = 0;
		};
		C17A27C22DCE4EB6009C9835 /* Resources */ = {
			isa = PBXResourcesBuildPhase;
			buildActionMask = 2147483647;
			files = (
			);
			runOnlyForDeploymentPostprocessing = 0;
		};
/* End PBXResourcesBuildPhase section */

/* Begin PBXSourcesBuildPhase section */
		C17A27B02DCE4EB3009C9835 /* Sources */ = {
			isa = PBXSourcesBuildPhase;
			buildActionMask = 2147483647;
			files = (
			);
			runOnlyForDeploymentPostprocessing = 0;
		};
		C17A27C02DCE4EB6009C9835 /* Sources */ = {
			isa = PBXSourcesBuildPhase;
			buildActionMask = 2147483647;
			files = (
			);
			runOnlyForDeploymentPostprocessing = 0;
		};
/* End PBXSourcesBuildPhase section */

/* Begin PBXTargetDependency section */
		C17A27C62DCE4EB6009C9835 /* PBXTargetDependency */ = {
			isa = PBXTargetDependency;
			target = C17A27B32DCE4EB3009C9835 /* RickAndMortyCatalog */;
			targetProxy = C17A27C52DCE4EB6009C9835 /* PBXContainerItemProxy */;
		};
		C17A27E42DCE5207009C9835 /* PBXTargetDependency */ = {
			isa = PBXTargetDependency;
			productRef = C17A27E32DCE5207009C9835 /* SwiftLintBuildToolPlugin */;
		};
		C17A27E62DCE520F009C9835 /* PBXTargetDependency */ = {
			isa = PBXTargetDependency;
			productRef = C17A27E52DCE520F009C9835 /* SwiftLintBuildToolPlugin */;
		};
/* End PBXTargetDependency section */

/* Begin XCBuildConfiguration section */
		C17A27D62DCE4EB6009C9835 /* Debug */ = {
			isa = XCBuildConfiguration;
			buildSettings = {
				ALWAYS_SEARCH_USER_PATHS = NO;
				ASSETCATALOG_COMPILER_GENERATE_SWIFT_ASSET_SYMBOL_EXTENSIONS = YES;
				CLANG_ANALYZER_NONNULL = YES;
				CLANG_ANALYZER_NUMBER_OBJECT_CONVERSION = YES_AGGRESSIVE;
				CLANG_CXX_LANGUAGE_STANDARD = "gnu++20";
				CLANG_ENABLE_MODULES = YES;
				CLANG_ENABLE_OBJC_ARC = YES;
				CLANG_ENABLE_OBJC_WEAK = YES;
				CLANG_WARN_BLOCK_CAPTURE_AUTORELEASING = YES;
				CLANG_WARN_BOOL_CONVERSION = YES;
				CLANG_WARN_COMMA = YES;
				CLANG_WARN_CONSTANT_CONVERSION = YES;
				CLANG_WARN_DEPRECATED_OBJC_IMPLEMENTATIONS = YES;
				CLANG_WARN_DIRECT_OBJC_ISA_USAGE = YES_ERROR;
				CLANG_WARN_DOCUMENTATION_COMMENTS = YES;
				CLANG_WARN_EMPTY_BODY = YES;
				CLANG_WARN_ENUM_CONVERSION = YES;
				CLANG_WARN_INFINITE_RECURSION = YES;
				CLANG_WARN_INT_CONVERSION = YES;
				CLANG_WARN_NON_LITERAL_NULL_CONVERSION = YES;
				CLANG_WARN_OBJC_IMPLICIT_RETAIN_SELF = YES;
				CLANG_WARN_OBJC_LITERAL_CONVERSION = YES;
				CLANG_WARN_OBJC_ROOT_CLASS = YES_ERROR;
				CLANG_WARN_QUOTED_INCLUDE_IN_FRAMEWORK_HEADER = YES;
				CLANG_WARN_RANGE_LOOP_ANALYSIS = YES;
				CLANG_WARN_STRICT_PROTOTYPES = YES;
				CLANG_WARN_SUSPICIOUS_MOVE = YES;
				CLANG_WARN_UNGUARDED_AVAILABILITY = YES_AGGRESSIVE;
				CLANG_WARN_UNREACHABLE_CODE = YES;
				CLANG_WARN__DUPLICATE_METHOD_MATCH = YES;
				COPY_PHASE_STRIP = NO;
				DEBUG_INFORMATION_FORMAT = dwarf;
				ENABLE_STRICT_OBJC_MSGSEND = YES;
				ENABLE_TESTABILITY = YES;
				ENABLE_USER_SCRIPT_SANDBOXING = YES;
				GCC_C_LANGUAGE_STANDARD = gnu17;
				GCC_DYNAMIC_NO_PIC = NO;
				GCC_NO_COMMON_BLOCKS = YES;
				GCC_OPTIMIZATION_LEVEL = 0;
				GCC_PREPROCESSOR_DEFINITIONS = (
					"DEBUG=1",
					"$(inherited)",
				);
				GCC_WARN_64_TO_32_BIT_CONVERSION = YES;
				GCC_WARN_ABOUT_RETURN_TYPE = YES_ERROR;
				GCC_WARN_UNDECLARED_SELECTOR = YES;
				GCC_WARN_UNINITIALIZED_AUTOS = YES_AGGRESSIVE;
				GCC_WARN_UNUSED_FUNCTION = YES;
				GCC_WARN_UNUSED_VARIABLE = YES;
				IPHONEOS_DEPLOYMENT_TARGET = 18.0;
				LOCALIZATION_PREFERS_STRING_CATALOGS = YES;
				MTL_ENABLE_DEBUG_INFO = INCLUDE_SOURCE;
				MTL_FAST_MATH = YES;
				ONLY_ACTIVE_ARCH = YES;
				SDKROOT = iphoneos;
				SWIFT_ACTIVE_COMPILATION_CONDITIONS = "DEBUG $(inherited)";
				SWIFT_EMIT_LOC_STRINGS = YES;
				SWIFT_OPTIMIZATION_LEVEL = "-Onone";
				SWIFT_STRICT_CONCURRENCY = complete;
				SWIFT_VERSION = 6.0;
			};
			name = Debug;
		};
		C17A27D72DCE4EB6009C9835 /* Release */ = {
			isa = XCBuildConfiguration;
			buildSettings = {
				ALWAYS_SEARCH_USER_PATHS = NO;
				ASSETCATALOG_COMPILER_GENERATE_SWIFT_ASSET_SYMBOL_EXTENSIONS = YES;
				CLANG_ANALYZER_NONNULL = YES;
				CLANG_ANALYZER_NUMBER_OBJECT_CONVERSION = YES_AGGRESSIVE;
				CLANG_CXX_LANGUAGE_STANDARD = "gnu++20";
				CLANG_ENABLE_MODULES = YES;
				CLANG_ENABLE_OBJC_ARC = YES;
				CLANG_ENABLE_OBJC_WEAK = YES;
				CLANG_WARN_BLOCK_CAPTURE_AUTORELEASING = YES;
				CLANG_WARN_BOOL_CONVERSION = YES;
				CLANG_WARN_COMMA = YES;
				CLANG_WARN_CONSTANT_CONVERSION = YES;
				CLANG_WARN_DEPRECATED_OBJC_IMPLEMENTATIONS = YES;
				CLANG_WARN_DIRECT_OBJC_ISA_USAGE = YES_ERROR;
				CLANG_WARN_DOCUMENTATION_COMMENTS = YES;
				CLANG_WARN_EMPTY_BODY = YES;
				CLANG_WARN_ENUM_CONVERSION = YES;
				CLANG_WARN_INFINITE_RECURSION = YES;
				CLANG_WARN_INT_CONVERSION = YES;
				CLANG_WARN_NON_LITERAL_NULL_CONVERSION = YES;
				CLANG_WARN_OBJC_IMPLICIT_RETAIN_SELF = YES;
				CLANG_WARN_OBJC_LITERAL_CONVERSION = YES;
				CLANG_WARN_OBJC_ROOT_CLASS = YES_ERROR;
				CLANG_WARN_QUOTED_INCLUDE_IN_FRAMEWORK_HEADER = YES;
				CLANG_WARN_RANGE_LOOP_ANALYSIS = YES;
				CLANG_WARN_STRICT_PROTOTYPES = YES;
				CLANG_WARN_SUSPICIOUS_MOVE = YES;
				CLANG_WARN_UNGUARDED_AVAILABILITY = YES_AGGRESSIVE;
				CLANG_WARN_UNREACHABLE_CODE = YES;
				CLANG_WARN__DUPLICATE_METHOD_MATCH = YES;
				COPY_PHASE_STRIP = NO;
				DEBUG_INFORMATION_FORMAT = "dwarf-with-dsym";
				ENABLE_NS_ASSERTIONS = NO;
				ENABLE_STRICT_OBJC_MSGSEND = YES;
				ENABLE_USER_SCRIPT_SANDBOXING = YES;
				GCC_C_LANGUAGE_STANDARD = gnu17;
				GCC_NO_COMMON_BLOCKS = YES;
				GCC_WARN_64_TO_32_BIT_CONVERSION = YES;
				GCC_WARN_ABOUT_RETURN_TYPE = YES_ERROR;
				GCC_WARN_UNDECLARED_SELECTOR = YES;
				GCC_WARN_UNINITIALIZED_AUTOS = YES_AGGRESSIVE;
				GCC_WARN_UNUSED_FUNCTION = YES;
				GCC_WARN_UNUSED_VARIABLE = YES;
				IPHONEOS_DEPLOYMENT_TARGET = 18.0;
				LOCALIZATION_PREFERS_STRING_CATALOGS = YES;
				MTL_ENABLE_DEBUG_INFO = NO;
				MTL_FAST_MATH = YES;
				SDKROOT = iphoneos;
				SWIFT_COMPILATION_MODE = wholemodule;
				SWIFT_EMIT_LOC_STRINGS = YES;
				SWIFT_STRICT_CONCURRENCY = complete;
				SWIFT_VERSION = 6.0;
				VALIDATE_PRODUCT = YES;
			};
			name = Release;
		};
		C17A27D92DCE4EB6009C9835 /* Debug */ = {
			isa = XCBuildConfiguration;
			buildSettings = {
				ASSETCATALOG_COMPILER_APPICON_NAME = AppIcon;
				ASSETCATALOG_COMPILER_GLOBAL_ACCENT_COLOR_NAME = AccentColor;
				CODE_SIGN_STYLE = Automatic;
				CURRENT_PROJECT_VERSION = 1;
				DEVELOPMENT_ASSET_PATHS = "\"RickAndMortyCatalog/Preview Content\"";
				ENABLE_PREVIEWS = YES;
				GENERATE_INFOPLIST_FILE = YES;
				INFOPLIST_KEY_UIApplicationSceneManifest_Generation = YES;
				INFOPLIST_KEY_UIApplicationSupportsIndirectInputEvents = YES;
				INFOPLIST_KEY_UILaunchScreen_Generation = YES;
				INFOPLIST_KEY_UISupportedInterfaceOrientations_iPad = "UIInterfaceOrientationPortrait UIInterfaceOrientationPortraitUpsideDown UIInterfaceOrientationLandscapeLeft UIInterfaceOrientationLandscapeRight";
				INFOPLIST_KEY_UISupportedInterfaceOrientations_iPhone = "UIInterfaceOrientationPortrait UIInterfaceOrientationLandscapeLeft UIInterfaceOrientationLandscapeRight";
				LD_RUNPATH_SEARCH_PATHS = (
					"$(inherited)",
					"@executable_path/Frameworks",
				);
				MARKETING_VERSION = 1.0;
				PRODUCT_BUNDLE_IDENTIFIER = org.alex.RickAndMortyCatalog;
				PRODUCT_NAME = "$(TARGET_NAME)";
				SWIFT_EMIT_LOC_STRINGS = YES;
				SWIFT_VERSION = 5.0;
				TARGETED_DEVICE_FAMILY = "1,2";
			};
			name = Debug;
		};
		C17A27DA2DCE4EB6009C9835 /* Release */ = {
			isa = XCBuildConfiguration;
			buildSettings = {
				ASSETCATALOG_COMPILER_APPICON_NAME = AppIcon;
				ASSETCATALOG_COMPILER_GLOBAL_ACCENT_COLOR_NAME = AccentColor;
				CODE_SIGN_STYLE = Automatic;
				CURRENT_PROJECT_VERSION = 1;
				DEVELOPMENT_ASSET_PATHS = "\"RickAndMortyCatalog/Preview Content\"";
				ENABLE_PREVIEWS = YES;
				GENERATE_INFOPLIST_FILE = YES;
				INFOPLIST_KEY_UIApplicationSceneManifest_Generation = YES;
				INFOPLIST_KEY_UIApplicationSupportsIndirectInputEvents = YES;
				INFOPLIST_KEY_UILaunchScreen_Generation = YES;
				INFOPLIST_KEY_UISupportedInterfaceOrientations_iPad = "UIInterfaceOrientationPortrait UIInterfaceOrientationPortraitUpsideDown UIInterfaceOrientationLandscapeLeft UIInterfaceOrientationLandscapeRight";
				INFOPLIST_KEY_UISupportedInterfaceOrientations_iPhone = "UIInterfaceOrientationPortrait UIInterfaceOrientationLandscapeLeft UIInterfaceOrientationLandscapeRight";
				LD_RUNPATH_SEARCH_PATHS = (
					"$(inherited)",
					"@executable_path/Frameworks",
				);
				MARKETING_VERSION = 1.0;
				PRODUCT_BUNDLE_IDENTIFIER = org.alex.RickAndMortyCatalog;
				PRODUCT_NAME = "$(TARGET_NAME)";
				SWIFT_EMIT_LOC_STRINGS = YES;
				SWIFT_VERSION = 5.0;
				TARGETED_DEVICE_FAMILY = "1,2";
			};
			name = Release;
		};
		C17A27DC2DCE4EB6009C9835 /* Debug */ = {
			isa = XCBuildConfiguration;
			buildSettings = {
				BUNDLE_LOADER = "$(TEST_HOST)";
				CODE_SIGN_STYLE = Automatic;
				CURRENT_PROJECT_VERSION = 1;
				GENERATE_INFOPLIST_FILE = YES;
				IPHONEOS_DEPLOYMENT_TARGET = 18.0;
				MARKETING_VERSION = 1.0;
				PRODUCT_BUNDLE_IDENTIFIER = org.alex.RickAndMortyCatalogTests;
				PRODUCT_NAME = "$(TARGET_NAME)";
				SWIFT_EMIT_LOC_STRINGS = NO;
				SWIFT_VERSION = 5.0;
				TARGETED_DEVICE_FAMILY = "1,2";
				TEST_HOST = "$(BUILT_PRODUCTS_DIR)/RickAndMortyCatalog.app/$(BUNDLE_EXECUTABLE_FOLDER_PATH)/RickAndMortyCatalog";
			};
			name = Debug;
		};
		C17A27DD2DCE4EB6009C9835 /* Release */ = {
			isa = XCBuildConfiguration;
			buildSettings = {
				BUNDLE_LOADER = "$(TEST_HOST)";
				CODE_SIGN_STYLE = Automatic;
				CURRENT_PROJECT_VERSION = 1;
				GENERATE_INFOPLIST_FILE = YES;
				IPHONEOS_DEPLOYMENT_TARGET = 18.0;
				MARKETING_VERSION = 1.0;
				PRODUCT_BUNDLE_IDENTIFIER = org.alex.RickAndMortyCatalogTests;
				PRODUCT_NAME = "$(TARGET_NAME)";
				SWIFT_EMIT_LOC_STRINGS = NO;
				SWIFT_VERSION = 5.0;
				TARGETED_DEVICE_FAMILY = "1,2";
				TEST_HOST = "$(BUILT_PRODUCTS_DIR)/RickAndMortyCatalog.app/$(BUNDLE_EXECUTABLE_FOLDER_PATH)/RickAndMortyCatalog";
			};
			name = Release;
		};
/* End XCBuildConfiguration section */

/* Begin XCConfigurationList section */
		C17A27AF2DCE4EB3009C9835 /* Build configuration list for PBXProject "RickAndMortyCatalog" */ = {
			isa = XCConfigurationList;
			buildConfigurations = (
				C17A27D62DCE4EB6009C9835 /* Debug */,
				C17A27D72DCE4EB6009C9835 /* Release */,
			);
			defaultConfigurationIsVisible = 0;
			defaultConfigurationName = Release;
		};
		C17A27D82DCE4EB6009C9835 /* Build configuration list for PBXNativeTarget "RickAndMortyCatalog" */ = {
			isa = XCConfigurationList;
			buildConfigurations = (
				C17A27D92DCE4EB6009C9835 /* Debug */,
				C17A27DA2DCE4EB6009C9835 /* Release */,
			);
			defaultConfigurationIsVisible = 0;
			defaultConfigurationName = Release;
		};
		C17A27DB2DCE4EB6009C9835 /* Build configuration list for PBXNativeTarget "RickAndMortyCatalogTests" */ = {
			isa = XCConfigurationList;
			buildConfigurations = (
				C17A27DC2DCE4EB6009C9835 /* Debug */,
				C17A27DD2DCE4EB6009C9835 /* Release */,
			);
			defaultConfigurationIsVisible = 0;
			defaultConfigurationName = Release;
		};
/* End XCConfigurationList section */

/* Begin XCLocalSwiftPackageReference section */
		C17A28012DCE5CCC009C9835 /* XCLocalSwiftPackageReference "Networking" */ = {
			isa = XCLocalSwiftPackageReference;
			relativePath = Networking;
		};
/* End XCLocalSwiftPackageReference section */

/* Begin XCRemoteSwiftPackageReference section */
		C17A27E22DCE51F5009C9835 /* XCRemoteSwiftPackageReference "SwiftLint" */ = {
			isa = XCRemoteSwiftPackageReference;
			repositoryURL = "https://github.com/realm/SwiftLint";
			requirement = {
				kind = upToNextMajorVersion;
				minimumVersion = 0.59.1;
			};
		};
/* End XCRemoteSwiftPackageReference section */

/* Begin XCSwiftPackageProductDependency section */
		C17A27E32DCE5207009C9835 /* SwiftLintBuildToolPlugin */ = {
			isa = XCSwiftPackageProductDependency;
			package = C17A27E22DCE51F5009C9835 /* XCRemoteSwiftPackageReference "SwiftLint" */;
			productName = "plugin:SwiftLintBuildToolPlugin";
		};
		C17A27E52DCE520F009C9835 /* SwiftLintBuildToolPlugin */ = {
			isa = XCSwiftPackageProductDependency;
			package = C17A27E22DCE51F5009C9835 /* XCRemoteSwiftPackageReference "SwiftLint" */;
			productName = "plugin:SwiftLintBuildToolPlugin";
		};
		C17A27E82DCE535E009C9835 /* Networking */ = {
			isa = XCSwiftPackageProductDependency;
			productName = Networking;
		};
/* End XCSwiftPackageProductDependency section */
	};
	rootObject = C17A27AC2DCE4EB3009C9835 /* Project object */;
}
